// !$*UTF8*$!
{
	archiveVersion = 1;
	classes = {
	};
	objectVersion = 48;
	objects = {

/* Begin PBXBuildFile section */
		277DC0601FD612240086AEFC /* AppDelegate.swift in Sources */ = {isa = PBXBuildFile; fileRef = 277DC05F1FD612240086AEFC /* AppDelegate.swift */; };
		277DC0621FD612240086AEFC /* CourseViewController.swift in Sources */ = {isa = PBXBuildFile; fileRef = 277DC0611FD612240086AEFC /* CourseViewController.swift */; };
		277DC0651FD612240086AEFC /* Main.storyboard in Resources */ = {isa = PBXBuildFile; fileRef = 277DC0631FD612240086AEFC /* Main.storyboard */; };
		277DC0671FD612240086AEFC /* Assets.xcassets in Resources */ = {isa = PBXBuildFile; fileRef = 277DC0661FD612240086AEFC /* Assets.xcassets */; };
		277DC06A1FD612240086AEFC /* LaunchScreen.storyboard in Resources */ = {isa = PBXBuildFile; fileRef = 277DC0681FD612240086AEFC /* LaunchScreen.storyboard */; };
		277DC0761FD612840086AEFC /* Course-Planner.xcdatamodeld in Sources */ = {isa = PBXBuildFile; fileRef = 277DC0741FD612840086AEFC /* Course-Planner.xcdatamodeld */; };
		277DC07A1FD8710E0086AEFC /* TableDatasource.swift in Sources */ = {isa = PBXBuildFile; fileRef = 277DC0791FD8710E0086AEFC /* TableDatasource.swift */; };
		277DC07C1FD8B5DF0086AEFC /* CoreDataStack.swift in Sources */ = {isa = PBXBuildFile; fileRef = 277DC07B1FD8B5DF0086AEFC /* CoreDataStack.swift */; };
		277DC07E1FDB20F80086AEFC /* AddCourseViewController.swift in Sources */ = {isa = PBXBuildFile; fileRef = 277DC07D1FDB20F80086AEFC /* AddCourseViewController.swift */; };
		277DC0801FDB233E0086AEFC /* SessionsViewController.swift in Sources */ = {isa = PBXBuildFile; fileRef = 277DC07F1FDB233D0086AEFC /* SessionsViewController.swift */; };
		277DC0821FDB23590086AEFC /* addSessionViewController.swift in Sources */ = {isa = PBXBuildFile; fileRef = 277DC0811FDB23590086AEFC /* addSessionViewController.swift */; };
		277DC0841FDB23650086AEFC /* NotesViewController.swift in Sources */ = {isa = PBXBuildFile; fileRef = 277DC0831FDB23650086AEFC /* NotesViewController.swift */; };
		277DC0861FDB23720086AEFC /* AddNotesViewController.swift in Sources */ = {isa = PBXBuildFile; fileRef = 277DC0851FDB23720086AEFC /* AddNotesViewController.swift */; };
		277DC0881FDB538C0086AEFC /* ProjectsViewController.swift in Sources */ = {isa = PBXBuildFile; fileRef = 277DC0871FDB538C0086AEFC /* ProjectsViewController.swift */; };
		277DC08A1FDB53AC0086AEFC /* addProjectViewController.swift in Sources */ = {isa = PBXBuildFile; fileRef = 277DC0891FDB53AC0086AEFC /* addProjectViewController.swift */; };
/* End PBXBuildFile section */

/* Begin PBXFileReference section */
		277DC05C1FD612240086AEFC /* Course-Planner.app */ = {isa = PBXFileReference; explicitFileType = wrapper.application; includeInIndex = 0; path = "Course-Planner.app"; sourceTree = BUILT_PRODUCTS_DIR; };
		277DC05F1FD612240086AEFC /* AppDelegate.swift */ = {isa = PBXFileReference; lastKnownFileType = sourcecode.swift; path = AppDelegate.swift; sourceTree = "<group>"; };
		277DC0611FD612240086AEFC /* CourseViewController.swift */ = {isa = PBXFileReference; lastKnownFileType = sourcecode.swift; path = CourseViewController.swift; sourceTree = "<group>"; };
		277DC0641FD612240086AEFC /* Base */ = {isa = PBXFileReference; lastKnownFileType = file.storyboard; name = Base; path = Base.lproj/Main.storyboard; sourceTree = "<group>"; };
		277DC0661FD612240086AEFC /* Assets.xcassets */ = {isa = PBXFileReference; lastKnownFileType = folder.assetcatalog; path = Assets.xcassets; sourceTree = "<group>"; };
		277DC0691FD612240086AEFC /* Base */ = {isa = PBXFileReference; lastKnownFileType = file.storyboard; name = Base; path = Base.lproj/LaunchScreen.storyboard; sourceTree = "<group>"; };
		277DC06B1FD612240086AEFC /* Info.plist */ = {isa = PBXFileReference; lastKnownFileType = text.plist.xml; path = Info.plist; sourceTree = "<group>"; };
		277DC0751FD612840086AEFC /* Course-Planner.xcdatamodel */ = {isa = PBXFileReference; lastKnownFileType = wrapper.xcdatamodel; path = "Course-Planner.xcdatamodel"; sourceTree = "<group>"; };
		277DC0791FD8710E0086AEFC /* TableDatasource.swift */ = {isa = PBXFileReference; lastKnownFileType = sourcecode.swift; path = TableDatasource.swift; sourceTree = "<group>"; };
		277DC07B1FD8B5DF0086AEFC /* CoreDataStack.swift */ = {isa = PBXFileReference; lastKnownFileType = sourcecode.swift; path = CoreDataStack.swift; sourceTree = "<group>"; };
		277DC07D1FDB20F80086AEFC /* AddCourseViewController.swift */ = {isa = PBXFileReference; lastKnownFileType = sourcecode.swift; path = AddCourseViewController.swift; sourceTree = "<group>"; };
		277DC07F1FDB233D0086AEFC /* SessionsViewController.swift */ = {isa = PBXFileReference; lastKnownFileType = sourcecode.swift; path = SessionsViewController.swift; sourceTree = "<group>"; };
		277DC0811FDB23590086AEFC /* addSessionViewController.swift */ = {isa = PBXFileReference; lastKnownFileType = sourcecode.swift; path = addSessionViewController.swift; sourceTree = "<group>"; };
		277DC0831FDB23650086AEFC /* NotesViewController.swift */ = {isa = PBXFileReference; lastKnownFileType = sourcecode.swift; path = NotesViewController.swift; sourceTree = "<group>"; };
		277DC0851FDB23720086AEFC /* AddNotesViewController.swift */ = {isa = PBXFileReference; lastKnownFileType = sourcecode.swift; path = AddNotesViewController.swift; sourceTree = "<group>"; };
		277DC0871FDB538C0086AEFC /* ProjectsViewController.swift */ = {isa = PBXFileReference; lastKnownFileType = sourcecode.swift; path = ProjectsViewController.swift; sourceTree = "<group>"; };
		277DC0891FDB53AC0086AEFC /* addProjectViewController.swift */ = {isa = PBXFileReference; lastKnownFileType = sourcecode.swift; path = addProjectViewController.swift; sourceTree = "<group>"; };
/* End PBXFileReference section */

/* Begin PBXFrameworksBuildPhase section */
		277DC0591FD612240086AEFC /* Frameworks */ = {
			isa = PBXFrameworksBuildPhase;
			buildActionMask = 2147483647;
			files = (
			);
			runOnlyForDeploymentPostprocessing = 0;
		};
/* End PBXFrameworksBuildPhase section */

/* Begin PBXGroup section */
		277DC0531FD612230086AEFC = {
			isa = PBXGroup;
			children = (
				277DC05E1FD612240086AEFC /* Course-Planner */,
				277DC05D1FD612240086AEFC /* Products */,
			);
			sourceTree = "<group>";
		};
		277DC05D1FD612240086AEFC /* Products */ = {
			isa = PBXGroup;
			children = (
				277DC05C1FD612240086AEFC /* Course-Planner.app */,
			);
			name = Products;
			sourceTree = "<group>";
		};
		277DC05E1FD612240086AEFC /* Course-Planner */ = {
			isa = PBXGroup;
			children = (
				277DC05F1FD612240086AEFC /* AppDelegate.swift */,
				277DC0781FD870EA0086AEFC /* UI */,
				277DC0611FD612240086AEFC /* CourseViewController.swift */,
				277DC07D1FDB20F80086AEFC /* AddCourseViewController.swift */,
				277DC07F1FDB233D0086AEFC /* SessionsViewController.swift */,
				277DC0811FDB23590086AEFC /* addSessionViewController.swift */,
				277DC0871FDB538C0086AEFC /* ProjectsViewController.swift */,
				277DC0891FDB53AC0086AEFC /* addProjectViewController.swift */,
				277DC0831FDB23650086AEFC /* NotesViewController.swift */,
				277DC0851FDB23720086AEFC /* AddNotesViewController.swift */,
				277DC07B1FD8B5DF0086AEFC /* CoreDataStack.swift */,
				277DC0631FD612240086AEFC /* Main.storyboard */,
				277DC0661FD612240086AEFC /* Assets.xcassets */,
				277DC0681FD612240086AEFC /* LaunchScreen.storyboard */,
				277DC0741FD612840086AEFC /* Course-Planner.xcdatamodeld */,
				277DC06B1FD612240086AEFC /* Info.plist */,
			);
			path = "Course-Planner";
			sourceTree = "<group>";
		};
		277DC0781FD870EA0086AEFC /* UI */ = {
			isa = PBXGroup;
			children = (
				277DC0791FD8710E0086AEFC /* TableDatasource.swift */,
			);
			path = UI;
			sourceTree = "<group>";
		};
/* End PBXGroup section */

/* Begin PBXNativeTarget section */
		277DC05B1FD612240086AEFC /* Course-Planner */ = {
			isa = PBXNativeTarget;
			buildConfigurationList = 277DC06E1FD612240086AEFC /* Build configuration list for PBXNativeTarget "Course-Planner" */;
			buildPhases = (
				277DC0581FD612240086AEFC /* Sources */,
				277DC0591FD612240086AEFC /* Frameworks */,
				277DC05A1FD612240086AEFC /* Resources */,
			);
			buildRules = (
			);
			dependencies = (
			);
			name = "Course-Planner";
			productName = "Course-Planner";
			productReference = 277DC05C1FD612240086AEFC /* Course-Planner.app */;
			productType = "com.apple.product-type.application";
		};
/* End PBXNativeTarget section */

/* Begin PBXProject section */
		277DC0541FD612230086AEFC /* Project object */ = {
			isa = PBXProject;
			attributes = {
				LastSwiftUpdateCheck = 0900;
				LastUpgradeCheck = 0900;
				ORGANIZATIONNAME = "Elmer Astudillo";
				TargetAttributes = {
					277DC05B1FD612240086AEFC = {
						CreatedOnToolsVersion = 9.0;
						ProvisioningStyle = Automatic;
					};
				};
			};
			buildConfigurationList = 277DC0571FD612230086AEFC /* Build configuration list for PBXProject "Course-Planner" */;
			compatibilityVersion = "Xcode 8.0";
			developmentRegion = en;
			hasScannedForEncodings = 0;
			knownRegions = (
				en,
				Base,
			);
			mainGroup = 277DC0531FD612230086AEFC;
			productRefGroup = 277DC05D1FD612240086AEFC /* Products */;
			projectDirPath = "";
			projectRoot = "";
			targets = (
				277DC05B1FD612240086AEFC /* Course-Planner */,
			);
		};
/* End PBXProject section */

/* Begin PBXResourcesBuildPhase section */
		277DC05A1FD612240086AEFC /* Resources */ = {
			isa = PBXResourcesBuildPhase;
			buildActionMask = 2147483647;
			files = (
				277DC06A1FD612240086AEFC /* LaunchScreen.storyboard in Resources */,
				277DC0671FD612240086AEFC /* Assets.xcassets in Resources */,
				277DC0651FD612240086AEFC /* Main.storyboard in Resources */,
			);
			runOnlyForDeploymentPostprocessing = 0;
		};
/* End PBXResourcesBuildPhase section */

/* Begin PBXSourcesBuildPhase section */
		277DC0581FD612240086AEFC /* Sources */ = {
			isa = PBXSourcesBuildPhase;
			buildActionMask = 2147483647;
			files = (
				277DC07C1FD8B5DF0086AEFC /* CoreDataStack.swift in Sources */,
				277DC07E1FDB20F80086AEFC /* AddCourseViewController.swift in Sources */,
				277DC0881FDB538C0086AEFC /* ProjectsViewController.swift in Sources */,
				277DC0761FD612840086AEFC /* Course-Planner.xcdatamodeld in Sources */,
				277DC0801FDB233E0086AEFC /* SessionsViewController.swift in Sources */,
				277DC0861FDB23720086AEFC /* AddNotesViewController.swift in Sources */,
				277DC0621FD612240086AEFC /* CourseViewController.swift in Sources */,
				277DC0841FDB23650086AEFC /* NotesViewController.swift in Sources */,
				277DC08A1FDB53AC0086AEFC /* addProjectViewController.swift in Sources */,
				277DC0821FDB23590086AEFC /* addSessionViewController.swift in Sources */,
				277DC0601FD612240086AEFC /* AppDelegate.swift in Sources */,
				277DC07A1FD8710E0086AEFC /* TableDatasource.swift in Sources */,
			);
			runOnlyForDeploymentPostprocessing = 0;
		};
/* End PBXSourcesBuildPhase section */

/* Begin PBXVariantGroup section */
		277DC0631FD612240086AEFC /* Main.storyboard */ = {
			isa = PBXVariantGroup;
			children = (
				277DC0641FD612240086AEFC /* Base */,
			);
			name = Main.storyboard;
			sourceTree = "<group>";
		};
		277DC0681FD612240086AEFC /* LaunchScreen.storyboard */ = {
			isa = PBXVariantGroup;
			children = (
				277DC0691FD612240086AEFC /* Base */,
			);
			name = LaunchScreen.storyboard;
			sourceTree = "<group>";
		};
/* End PBXVariantGroup section */

/* Begin XCBuildConfiguration section */
		277DC06C1FD612240086AEFC /* Debug */ = {
			isa = XCBuildConfiguration;
			buildSettings = {
				ALWAYS_SEARCH_USER_PATHS = NO;
				CLANG_ANALYZER_NONNULL = YES;
				CLANG_ANALYZER_NUMBER_OBJECT_CONVERSION = YES_AGGRESSIVE;
				CLANG_CXX_LANGUAGE_STANDARD = "gnu++14";
				CLANG_CXX_LIBRARY = "libc++";
				CLANG_ENABLE_MODULES = YES;
				CLANG_ENABLE_OBJC_ARC = YES;
				CLANG_WARN_BLOCK_CAPTURE_AUTORELEASING = YES;
				CLANG_WARN_BOOL_CONVERSION = YES;
				CLANG_WARN_COMMA = YES;
				CLANG_WARN_CONSTANT_CONVERSION = YES;
				CLANG_WARN_DIRECT_OBJC_ISA_USAGE = YES_ERROR;
				CLANG_WARN_DOCUMENTATION_COMMENTS = YES;
				CLANG_WARN_EMPTY_BODY = YES;
				CLANG_WARN_ENUM_CONVERSION = YES;
				CLANG_WARN_INFINITE_RECURSION = YES;
				CLANG_WARN_INT_CONVERSION = YES;
				CLANG_WARN_NON_LITERAL_NULL_CONVERSION = YES;
				CLANG_WARN_OBJC_LITERAL_CONVERSION = YES;
				CLANG_WARN_OBJC_ROOT_CLASS = YES_ERROR;
				CLANG_WARN_RANGE_LOOP_ANALYSIS = YES;
				CLANG_WARN_STRICT_PROTOTYPES = YES;
				CLANG_WARN_SUSPICIOUS_MOVE = YES;
				CLANG_WARN_UNGUARDED_AVAILABILITY = YES_AGGRESSIVE;
				CLANG_WARN_UNREACHABLE_CODE = YES;
				CLANG_WARN__DUPLICATE_METHOD_MATCH = YES;
				CODE_SIGN_IDENTITY = "iPhone Developer";
				COPY_PHASE_STRIP = NO;
				DEBUG_INFORMATION_FORMAT = dwarf;
				ENABLE_STRICT_OBJC_MSGSEND = YES;
				ENABLE_TESTABILITY = YES;
				GCC_C_LANGUAGE_STANDARD = gnu11;
				GCC_DYNAMIC_NO_PIC = NO;
				GCC_NO_COMMON_BLOCKS = YES;
				GCC_OPTIMIZATION_LEVEL = 0;
				GCC_PREPROCESSOR_DEFINITIONS = (
					"DEBUG=1",
					"$(inherited)",
				);
				GCC_WARN_64_TO_32_BIT_CONVERSION = YES;
				GCC_WARN_ABOUT_RETURN_TYPE = YES_ERROR;
				GCC_WARN_UNDECLARED_SELECTOR = YES;
				GCC_WARN_UNINITIALIZED_AUTOS = YES_AGGRESSIVE;
				GCC_WARN_UNUSED_FUNCTION = YES;
				GCC_WARN_UNUSED_VARIABLE = YES;
				IPHONEOS_DEPLOYMENT_TARGET = 11.0;
				MTL_ENABLE_DEBUG_INFO = YES;
				ONLY_ACTIVE_ARCH = YES;
				SDKROOT = iphoneos;
				SWIFT_ACTIVE_COMPILATION_CONDITIONS = DEBUG;
				SWIFT_OPTIMIZATION_LEVEL = "-Onone";
			};
			name = Debug;
		};
		277DC06D1FD612240086AEFC /* Release */ = {
			isa = XCBuildConfiguration;
			buildSettings = {
				ALWAYS_SEARCH_USER_PATHS = NO;
				CLANG_ANALYZER_NONNULL = YES;
				CLANG_ANALYZER_NUMBER_OBJECT_CONVERSION = YES_AGGRESSIVE;
				CLANG_CXX_LANGUAGE_STANDARD = "gnu++14";
				CLANG_CXX_LIBRARY = "libc++";
				CLANG_ENABLE_MODULES = YES;
				CLANG_ENABLE_OBJC_ARC = YES;
				CLANG_WARN_BLOCK_CAPTURE_AUTORELEASING = YES;
				CLANG_WARN_BOOL_CONVERSION = YES;
				CLANG_WARN_COMMA = YES;
				CLANG_WARN_CONSTANT_CONVERSION = YES;
				CLANG_WARN_DIRECT_OBJC_ISA_USAGE = YES_ERROR;
				CLANG_WARN_DOCUMENTATION_COMMENTS = YES;
				CLANG_WARN_EMPTY_BODY = YES;
				CLANG_WARN_ENUM_CONVERSION = YES;
				CLANG_WARN_INFINITE_RECURSION = YES;
				CLANG_WARN_INT_CONVERSION = YES;
				CLANG_WARN_NON_LITERAL_NULL_CONVERSION = YES;
				CLANG_WARN_OBJC_LITERAL_CONVERSION = YES;
				CLANG_WARN_OBJC_ROOT_CLASS = YES_ERROR;
				CLANG_WARN_RANGE_LOOP_ANALYSIS = YES;
				CLANG_WARN_STRICT_PROTOTYPES = YES;
				CLANG_WARN_SUSPICIOUS_MOVE = YES;
				CLANG_WARN_UNGUARDED_AVAILABILITY = YES_AGGRESSIVE;
				CLANG_WARN_UNREACHABLE_CODE = YES;
				CLANG_WARN__DUPLICATE_METHOD_MATCH = YES;
				CODE_SIGN_IDENTITY = "iPhone Developer";
				COPY_PHASE_STRIP = NO;
				DEBUG_INFORMATION_FORMAT = "dwarf-with-dsym";
				ENABLE_NS_ASSERTIONS = NO;
				ENABLE_STRICT_OBJC_MSGSEND = YES;
				GCC_C_LANGUAGE_STANDARD = gnu11;
				GCC_NO_COMMON_BLOCKS = YES;
				GCC_WARN_64_TO_32_BIT_CONVERSION = YES;
				GCC_WARN_ABOUT_RETURN_TYPE = YES_ERROR;
				GCC_WARN_UNDECLARED_SELECTOR = YES;
				GCC_WARN_UNINITIALIZED_AUTOS = YES_AGGRESSIVE;
				GCC_WARN_UNUSED_FUNCTION = YES;
				GCC_WARN_UNUSED_VARIABLE = YES;
				IPHONEOS_DEPLOYMENT_TARGET = 11.0;
				MTL_ENABLE_DEBUG_INFO = NO;
				SDKROOT = iphoneos;
				SWIFT_OPTIMIZATION_LEVEL = "-Owholemodule";
				VALIDATE_PRODUCT = YES;
			};
			name = Release;
		};
		277DC06F1FD612240086AEFC /* Debug */ = {
			isa = XCBuildConfiguration;
			buildSettings = {
				ASSETCATALOG_COMPILER_APPICON_NAME = AppIcon;
				CODE_SIGN_STYLE = Automatic;
				DEVELOPMENT_TEAM = BT6SS5GUF3;
				INFOPLIST_FILE = "Course-Planner/Info.plist";
				LD_RUNPATH_SEARCH_PATHS = "$(inherited) @executable_path/Frameworks";
				PRODUCT_BUNDLE_IDENTIFIER = "com.AI.Course-Planner";
				PRODUCT_NAME = "$(TARGET_NAME)";
				SWIFT_VERSION = 4.0;
				TARGETED_DEVICE_FAMILY = "1,2";
			};
			name = Debug;
		};
		277DC0701FD612240086AEFC /* Release */ = {
			isa = XCBuildConfiguration;
			buildSettings = {
				ASSETCATALOG_COMPILER_APPICON_NAME = AppIcon;
				CODE_SIGN_STYLE = Automatic;
				DEVELOPMENT_TEAM = BT6SS5GUF3;
				INFOPLIST_FILE = "Course-Planner/Info.plist";
				LD_RUNPATH_SEARCH_PATHS = "$(inherited) @executable_path/Frameworks";
				PRODUCT_BUNDLE_IDENTIFIER = "com.AI.Course-Planner";
				PRODUCT_NAME = "$(TARGET_NAME)";
				SWIFT_VERSION = 4.0;
				TARGETED_DEVICE_FAMILY = "1,2";
			};
			name = Release;
		};
/* End XCBuildConfiguration section */

/* Begin XCConfigurationList section */
		277DC0571FD612230086AEFC /* Build configuration list for PBXProject "Course-Planner" */ = {
			isa = XCConfigurationList;
			buildConfigurations = (
				277DC06C1FD612240086AEFC /* Debug */,
				277DC06D1FD612240086AEFC /* Release */,
			);
			defaultConfigurationIsVisible = 0;
			defaultConfigurationName = Release;
		};
		277DC06E1FD612240086AEFC /* Build configuration list for PBXNativeTarget "Course-Planner" */ = {
			isa = XCConfigurationList;
			buildConfigurations = (
				277DC06F1FD612240086AEFC /* Debug */,
				277DC0701FD612240086AEFC /* Release */,
			);
			defaultConfigurationIsVisible = 0;
			defaultConfigurationName = Release;
		};
/* End XCConfigurationList section */

/* Begin XCVersionGroup section */
		277DC0741FD612840086AEFC /* Course-Planner.xcdatamodeld */ = {
			isa = XCVersionGroup;
			children = (
				277DC0751FD612840086AEFC /* Course-Planner.xcdatamodel */,
			);
			currentVersion = 277DC0751FD612840086AEFC /* Course-Planner.xcdatamodel */;
			path = "Course-Planner.xcdatamodeld";
			sourceTree = "<group>";
			versionGroupType = wrapper.xcdatamodel;
		};
/* End XCVersionGroup section */
	};
	rootObject = 277DC0541FD612230086AEFC /* Project object */;
}
